{
  "version": 4,
  "terraform_version": "1.4.6",
  "serial": 5,
  "lineage": "df398be6-cddd-fd3b-0b74-18d6c39f0e11",
  "outputs": {},
  "resources": [
    {
      "module": "module.app_service_plan",
      "mode": "managed",
      "type": "azurerm_app_service_plan",
      "name": "asp",
      "provider": "provider[\"registry.terraform.io/hashicorp/azurerm\"]",
      "instances": [
        {
          "schema_version": 0,
          "attributes": {
            "app_service_environment_id": "",
            "id": "/subscriptions/eeaa6772-dd70-4b5a-8be1-cc75fab87324/resourceGroups/techslate-ade-rg/providers/Microsoft.Web/serverfarms/techslate-asp-097",
            "is_xenon": false,
            "kind": "Windows",
            "location": "northeurope",
            "maximum_elastic_worker_count": 1,
            "maximum_number_of_workers": 10,
            "name": "techslate-asp-097",
            "per_site_scaling": false,
            "reserved": false,
            "resource_group_name": "techslate-ade-rg",
            "sku": [
              {
                "capacity": 1,
                "size": "S1",
                "tier": "Standard"
              }
            ],
            "tags": null,
            "timeouts": null,
            "zone_redundant": false
          },
          "sensitive_attributes": [],
          "private": "eyJlMmJmYjczMC1lY2FhLTExZTYtOGY4OC0zNDM2M2JjN2M0YzAiOnsiY3JlYXRlIjozNjAwMDAwMDAwMDAwLCJkZWxldGUiOjM2MDAwMDAwMDAwMDAsInJlYWQiOjMwMDAwMDAwMDAwMCwidXBkYXRlIjozNjAwMDAwMDAwMDAwfX0=",
          "dependencies": [
            "module.resource_group.azurerm_resource_group.example"
          ]
        }
      ]
    },
    {
      "module": "module.function_app",
      "mode": "managed",
      "type": "azurerm_function_app",
      "name": "example",
      "provider": "provider[\"registry.terraform.io/hashicorp/azurerm\"]",
      "instances": [
        {
          "schema_version": 0,
          "attributes": {
            "app_service_plan_id": "/subscriptions/eeaa6772-dd70-4b5a-8be1-cc75fab87324/resourceGroups/techslate-ade-rg/providers/Microsoft.Web/serverfarms/techslate-asp-097",
            "app_settings": {},
            "auth_settings": [
              {
                "active_directory": [],
                "additional_login_params": {},
                "allowed_external_redirect_urls": [],
                "default_provider": "",
                "enabled": false,
                "facebook": [],
                "google": [],
                "issuer": "",
                "microsoft": [],
                "runtime_version": "",
                "token_refresh_extension_hours": 0,
                "token_store_enabled": false,
                "twitter": [],
                "unauthenticated_client_action": ""
              }
            ],
            "client_cert_mode": "",
            "connection_string": [],
            "custom_domain_verification_id": "1E47665311100222A41E10D612070DF3B5C4C2C4E4FECA104A65DD6837C209BE",
            "daily_memory_time_quota": 0,
            "default_hostname": "techslate-function-097.azurewebsites.net",
            "enable_builtin_logging": true,
            "enabled": true,
            "https_only": false,
            "id": "/subscriptions/eeaa6772-dd70-4b5a-8be1-cc75fab87324/resourceGroups/techslate-ade-rg/providers/Microsoft.Web/sites/techslate-function-097",
            "identity": [],
            "key_vault_reference_identity_id": "SystemAssigned",
            "kind": "functionapp",
            "location": "northeurope",
            "name": "techslate-function-097",
            "os_type": "",
            "outbound_ip_addresses": "51.104.146.179,51.104.144.89,20.54.17.178,20.166.178.44,20.166.178.88,20.166.178.93,20.166.232.210,20.166.232.230,20.166.232.234,20.166.232.248,20.166.233.30,20.166.233.37,20.107.224.29",
            "possible_outbound_ip_addresses": "51.104.146.179,51.104.144.89,20.54.17.178,20.166.178.44,20.166.178.88,20.166.178.93,20.166.232.210,20.166.232.230,20.166.232.234,20.166.232.248,20.166.233.30,20.166.233.37,20.54.16.241,20.166.178.117,20.166.178.133,20.166.178.231,20.166.178.232,20.166.179.188,20.166.179.214,20.166.180.18,20.166.180.99,20.166.180.251,20.166.181.65,20.166.181.108,20.166.182.5,20.166.182.95,20.166.182.107,20.166.182.108,20.166.182.110,20.166.182.113,20.166.232.210,20.166.232.230,20.166.232.234,20.166.232.248,20.166.233.30,20.166.233.37,20.166.182.160,20.166.182.188,20.166.182.224,20.166.183.154,20.166.183.170,20.166.183.199,20.107.224.29",
            "resource_group_name": "techslate-ade-rg",
            "site_config": [
              {
                "always_on": false,
                "app_scale_limit": 0,
                "auto_swap_slot_name": "",
                "cors": [],
                "dotnet_framework_version": "v4.0",
                "elastic_instance_minimum": 0,
                "ftps_state": "FtpsOnly",
                "health_check_path": "",
                "http2_enabled": false,
                "ip_restriction": [],
                "java_version": "",
                "linux_fx_version": "",
                "min_tls_version": "1.2",
                "pre_warmed_instance_count": 0,
                "runtime_scale_monitoring_enabled": false,
                "scm_ip_restriction": [],
                "scm_type": "None",
                "scm_use_main_ip_restriction": false,
                "use_32_bit_worker_process": true,
                "vnet_route_all_enabled": false,
                "websockets_enabled": false
              }
            ],
            "site_credential": [
              {
                "password": "TJDWZMDpGTiQfLHabdueA0yc36SZXlgWNXQshMAmv647FJ0CgmBsH5Aiaqve",
                "username": "$techslate-function-097"
              }
            ],
            "source_control": [
              {
                "branch": "main",
                "manual_integration": false,
                "repo_url": "",
                "rollback_enabled": false,
                "use_mercurial": false
              }
            ],
            "storage_account_access_key": "2HbGNQZuY0qapaJQHdxTdXqs0S3WuC0p93yj8LemEUCzaKC6swweEJ9rIGY9r8AH12ZOREJV/1a/+AStiZpVIA==",
            "storage_account_name": "techslatestorage097",
            "tags": null,
            "timeouts": null,
            "version": "~1"
          },
          "sensitive_attributes": [
            [
              {
                "type": "get_attr",
                "value": "storage_account_access_key"
              }
            ]
          ],
          "private": "eyJlMmJmYjczMC1lY2FhLTExZTYtOGY4OC0zNDM2M2JjN2M0YzAiOnsiY3JlYXRlIjoxODAwMDAwMDAwMDAwLCJkZWxldGUiOjE4MDAwMDAwMDAwMDAsInJlYWQiOjMwMDAwMDAwMDAwMCwidXBkYXRlIjoxODAwMDAwMDAwMDAwfX0=",
          "dependencies": [
            "module.app_service_plan.azurerm_app_service_plan.asp",
            "module.resource_group.azurerm_resource_group.example",
            "module.storage_account.azurerm_storage_account.storage"
          ]
        }
      ]
    },
    {
      "module": "module.resource_group",
      "mode": "managed",
      "type": "azurerm_resource_group",
      "name": "example",
      "provider": "provider[\"registry.terraform.io/hashicorp/azurerm\"]",
      "instances": [
        {
          "schema_version": 0,
          "attributes": {
            "id": "/subscriptions/eeaa6772-dd70-4b5a-8be1-cc75fab87324/resourceGroups/techslate-ade-rg",
            "location": "northeurope",
            "name": "techslate-ade-rg",
            "tags": {
              "cost": "163",
              "dept": "finance",
              "env": "dev",
              "source": "terraform"
            },
            "timeouts": null
          },
          "sensitive_attributes": [],
          "private": "eyJlMmJmYjczMC1lY2FhLTExZTYtOGY4OC0zNDM2M2JjN2M0YzAiOnsiY3JlYXRlIjo1NDAwMDAwMDAwMDAwLCJkZWxldGUiOjU0MDAwMDAwMDAwMDAsInJlYWQiOjMwMDAwMDAwMDAwMCwidXBkYXRlIjo1NDAwMDAwMDAwMDAwfX0="
        }
      ]
    },
    {
      "module": "module.storage_account",
      "mode": "managed",
      "type": "azurerm_storage_account",
      "name": "storage",
      "provider": "provider[\"registry.terraform.io/hashicorp/azurerm\"]",
      "instances": [
        {
          "schema_version": 3,
          "attributes": {
            "access_tier": "Hot",
            "account_kind": "StorageV2",
            "account_replication_type": "GRS",
            "account_tier": "Standard",
            "allow_nested_items_to_be_public": true,
            "allowed_copy_scope": "",
            "azure_files_authentication": [],
            "blob_properties": [
              {
                "change_feed_enabled": false,
                "change_feed_retention_in_days": 0,
                "container_delete_retention_policy": [],
                "cors_rule": [],
                "default_service_version": "",
                "delete_retention_policy": [],
                "last_access_time_enabled": false,
                "restore_policy": [],
                "versioning_enabled": false
              }
            ],
            "cross_tenant_replication_enabled": true,
            "custom_domain": [],
            "customer_managed_key": [],
            "default_to_oauth_authentication": false,
            "edge_zone": "",
            "enable_https_traffic_only": true,
            "id": "/subscriptions/eeaa6772-dd70-4b5a-8be1-cc75fab87324/resourceGroups/techslate-ade-rg/providers/Microsoft.Storage/storageAccounts/techslatestorage097",
            "identity": [],
            "immutability_policy": [],
            "infrastructure_encryption_enabled": false,
            "is_hns_enabled": false,
            "large_file_share_enabled": null,
            "location": "northeurope",
            "min_tls_version": "TLS1_2",
            "name": "techslatestorage097",
            "network_rules": [
              {
                "bypass": [
                  "AzureServices"
                ],
                "default_action": "Allow",
                "ip_rules": [],
                "private_link_access": [],
                "virtual_network_subnet_ids": []
              }
            ],
            "nfsv3_enabled": false,
            "primary_access_key": "2HbGNQZuY0qapaJQHdxTdXqs0S3WuC0p93yj8LemEUCzaKC6swweEJ9rIGY9r8AH12ZOREJV/1a/+AStiZpVIA==",
            "primary_blob_connection_string": "DefaultEndpointsProtocol=https;BlobEndpoint=https://techslatestorage097.blob.core.windows.net/;AccountName=techslatestorage097;AccountKey=2HbGNQZuY0qapaJQHdxTdXqs0S3WuC0p93yj8LemEUCzaKC6swweEJ9rIGY9r8AH12ZOREJV/1a/+AStiZpVIA==",
            "primary_blob_endpoint": "https://techslatestorage097.blob.core.windows.net/",
            "primary_blob_host": "techslatestorage097.blob.core.windows.net",
            "primary_connection_string": "DefaultEndpointsProtocol=https;AccountName=techslatestorage097;AccountKey=2HbGNQZuY0qapaJQHdxTdXqs0S3WuC0p93yj8LemEUCzaKC6swweEJ9rIGY9r8AH12ZOREJV/1a/+AStiZpVIA==;EndpointSuffix=core.windows.net",
            "primary_dfs_endpoint": "https://techslatestorage097.dfs.core.windows.net/",
            "primary_dfs_host": "techslatestorage097.dfs.core.windows.net",
            "primary_file_endpoint": "https://techslatestorage097.file.core.windows.net/",
            "primary_file_host": "techslatestorage097.file.core.windows.net",
            "primary_location": "northeurope",
            "primary_queue_endpoint": "https://techslatestorage097.queue.core.windows.net/",
            "primary_queue_host": "techslatestorage097.queue.core.windows.net",
            "primary_table_endpoint": "https://techslatestorage097.table.core.windows.net/",
            "primary_table_host": "techslatestorage097.table.core.windows.net",
            "primary_web_endpoint": "https://techslatestorage097.z16.web.core.windows.net/",
            "primary_web_host": "techslatestorage097.z16.web.core.windows.net",
            "public_network_access_enabled": true,
            "queue_encryption_key_type": "Service",
            "queue_properties": [
              {
                "cors_rule": [],
                "hour_metrics": [
                  {
                    "enabled": true,
                    "include_apis": true,
                    "retention_policy_days": 7,
                    "version": "1.0"
                  }
                ],
                "logging": [
                  {
                    "delete": false,
                    "read": false,
                    "retention_policy_days": 0,
                    "version": "1.0",
                    "write": false
                  }
                ],
                "minute_metrics": [
                  {
                    "enabled": false,
                    "include_apis": false,
                    "retention_policy_days": 0,
                    "version": "1.0"
                  }
                ]
              }
            ],
            "resource_group_name": "techslate-ade-rg",
            "routing": [],
            "sas_policy": [],
            "secondary_access_key": "EuG/QwH7Swrm+3Gi/yVC3k7dAHtN8rUCgk2mROkDP9lfeg7aia6830B9t1pLugL+Ba4xwyQdreIq+ASt7YASwA==",
            "secondary_blob_connection_string": "",
            "secondary_blob_endpoint": null,
            "secondary_blob_host": null,
            "secondary_connection_string": "DefaultEndpointsProtocol=https;AccountName=techslatestorage097;AccountKey=EuG/QwH7Swrm+3Gi/yVC3k7dAHtN8rUCgk2mROkDP9lfeg7aia6830B9t1pLugL+Ba4xwyQdreIq+ASt7YASwA==;EndpointSuffix=core.windows.net",
            "secondary_dfs_endpoint": null,
            "secondary_dfs_host": null,
            "secondary_file_endpoint": null,
            "secondary_file_host": null,
            "secondary_location": "westeurope",
            "secondary_queue_endpoint": null,
            "secondary_queue_host": null,
            "secondary_table_endpoint": null,
            "secondary_table_host": null,
            "secondary_web_endpoint": null,
            "secondary_web_host": null,
            "sftp_enabled": false,
            "share_properties": [
              {
                "cors_rule": [],
                "retention_policy": [
                  {
                    "days": 7
                  }
                ],
                "smb": []
              }
            ],
            "shared_access_key_enabled": true,
            "static_website": [],
            "table_encryption_key_type": "Service",
            "tags": {
              "cost": "163",
              "dept": "finance",
              "env": "dev",
              "source": "terraform"
            },
            "timeouts": null
          },
          "sensitive_attributes": [],
          "private": "eyJlMmJmYjczMC1lY2FhLTExZTYtOGY4OC0zNDM2M2JjN2M0YzAiOnsiY3JlYXRlIjozNjAwMDAwMDAwMDAwLCJkZWxldGUiOjM2MDAwMDAwMDAwMDAsInJlYWQiOjMwMDAwMDAwMDAwMCwidXBkYXRlIjozNjAwMDAwMDAwMDAwfSwic2NoZW1hX3ZlcnNpb24iOiIzIn0=",
          "dependencies": [
            "module.resource_group.azurerm_resource_group.example"
          ]
        }
      ]
    }
  ],
  "check_results": null
}
